
Microsoft Visual Studio Solution File, Format Version 12.00
# Visual Studio Version 17
VisualStudioVersion = 17.8.34322.80
MinimumVisualStudioVersion = 10.0.40219.1
Project("{9A19103F-16F7-4668-BE54-9A1E7A4F7556}") = "01_IntroToC#", "01_IntroToC#\01_IntroToC#.csproj", "{145BFF18-AC15-4C0D-8162-5EA3443D0790}"
EndProject
Project("{FAE04EC0-301F-11D3-BF4B-00C04F79EFBC}") = "02_Array", "02_Array\02_Array.csproj", "{79BE185C-1BFA-4CB7-86CE-731A57800DA2}"
EndProject
Project("{FAE04EC0-301F-11D3-BF4B-00C04F79EFBC}") = "03_Enum", "03_Enum\03_Enum.csproj", "{954AC551-08B9-4030-BEEA-E87363C941C1}"
EndProject
Global
	GlobalSection(SolutionConfigurationPlatforms) = preSolution
		Debug|Any CPU = Debug|Any CPU
		Release|Any CPU = Release|Any CPU
	EndGlobalSection
	GlobalSection(ProjectConfigurationPlatforms) = postSolution
		{145BFF18-AC15-4C0D-8162-5EA3443D0790}.Debug|Any CPU.ActiveCfg = Debug|Any CPU
		{145BFF18-AC15-4C0D-8162-5EA3443D0790}.Debug|Any CPU.Build.0 = Debug|Any CPU
		{145BFF18-AC15-4C0D-8162-5EA3443D0790}.Release|Any CPU.ActiveCfg = Release|Any CPU
		{145BFF18-AC15-4C0D-8162-5EA3443D0790}.Release|Any CPU.Build.0 = Release|Any CPU
		{79BE185C-1BFA-4CB7-86CE-731A57800DA2}.Debug|Any CPU.ActiveCfg = Debug|Any CPU
		{79BE185C-1BFA-4CB7-86CE-731A57800DA2}.Debug|Any CPU.Build.0 = Debug|Any CPU
		{79BE185C-1BFA-4CB7-86CE-731A57800DA2}.Release|Any CPU.ActiveCfg = Release|Any CPU
		{79BE185C-1BFA-4CB7-86CE-731A57800DA2}.Release|Any CPU.Build.0 = Release|Any CPU
		{954AC551-08B9-4030-BEEA-E87363C941C1}.Debug|Any CPU.ActiveCfg = Debug|Any CPU
		{954AC551-08B9-4030-BEEA-E87363C941C1}.Debug|Any CPU.Build.0 = Debug|Any CPU
		{954AC551-08B9-4030-BEEA-E87363C941C1}.Release|Any CPU.ActiveCfg = Release|Any CPU
		{954AC551-08B9-4030-BEEA-E87363C941C1}.Release|Any CPU.Build.0 = Release|Any CPU
	EndGlobalSection
	GlobalSection(SolutionProperties) = preSolution
		HideSolutionNode = FALSE
	EndGlobalSection
	GlobalSection(ExtensibilityGlobals) = postSolution
		SolutionGuid = {8C2BDB38-883F-4FBA-9EC4-7B7F2B58A3C7}
	EndGlobalSection
EndGlobal
